
Microsoft Visual Studio Solution File, Format Version 12.00
# Visual Studio Version 17
VisualStudioVersion = 17.4.33403.182
MinimumVisualStudioVersion = 10.0.40219.1
Project("{FAE04EC0-301F-11D3-BF4B-00C04F79EFBC}") = "timer", "timer.csproj", "{028294B0-CCC2-4838-99DA-880A9587964A}"
EndProject
Global
	GlobalSection(SolutionConfigurationPlatforms) = preSolution
		Debug|Any CPU = Debug|Any CPU
		Release|Any CPU = Release|Any CPU
	EndGlobalSection
	GlobalSection(ProjectConfigurationPlatforms) = postSolution
		{028294B0-CCC2-4838-99DA-880A9587964A}.Debug|Any CPU.ActiveCfg = Debug|Any CPU
		{028294B0-CCC2-4838-99DA-880A9587964A}.Debug|Any CPU.Build.0 = Debug|Any CPU
		{028294B0-CCC2-4838-99DA-880A9587964A}.Release|Any CPU.ActiveCfg = Release|Any CPU
		{028294B0-CCC2-4838-99DA-880A9587964A}.Release|Any CPU.Build.0 = Release|Any CPU
	EndGlobalSection
	GlobalSection(SolutionProperties) = preSolution
		HideSolutionNode = FALSE
	EndGlobalSection
	GlobalSection(ExtensibilityGlobals) = postSolution
		SolutionGuid = {36E4D8EC-FFD0-4CD9-949D-E3CE77233720}
	EndGlobalSection
EndGlobal
